{
  "version": 4,
  "terraform_version": "0.12.7",
  "serial": 3,
  "lineage": "fd554020-1536-6ca9-939c-c8a4f9e1d6d3",
  "outputs": {},
  "resources": [
    {
      "mode": "managed",
      "type": "aws_instance",
      "name": "example",
      "provider": "provider.aws",
      "instances": [
        {
          "schema_version": 1,
          "attributes": {
            "ami": "ami-0b2e3ee546433ee34",
            "arn": "arn:aws:ec2:ap-southeast-1:735458237462:instance/i-00fd08fd3e8b57eb6",
            "associate_public_ip_address": true,
            "availability_zone": "ap-southeast-1a",
            "cpu_core_count": 1,
            "cpu_threads_per_core": 1,
            "credit_specification": [
              {
                "cpu_credits": "standard"
              }
            ],
            "disable_api_termination": false,
            "ebs_block_device": [],
            "ebs_optimized": false,
            "ephemeral_block_device": [],
            "get_password_data": false,
            "host_id": null,
            "iam_instance_profile": "",
            "id": "i-00fd08fd3e8b57eb6",
            "instance_initiated_shutdown_behavior": null,
            "instance_state": "running",
            "instance_type": "t2.micro",
            "ipv6_address_count": 0,
            "ipv6_addresses": [],
            "key_name": "mykey",
            "monitoring": false,
            "network_interface": [],
            "network_interface_id": null,
            "password_data": "",
            "placement_group": "",
            "primary_network_interface_id": "eni-061471dd9eed81647",
            "private_dns": "ip-172-31-21-4.ap-southeast-1.compute.internal",
            "private_ip": "172.31.21.4",
            "public_dns": "ec2-18-136-209-239.ap-southeast-1.compute.amazonaws.com",
            "public_ip": "18.136.209.239",
            "root_block_device": [
              {
                "delete_on_termination": true,
                "encrypted": false,
                "iops": 100,
                "kms_key_id": "",
                "volume_id": "vol-0b4cf79f45766afa9",
                "volume_size": 8,
                "volume_type": "gp2"
              }
            ],
            "security_groups": [
              "default"
            ],
            "source_dest_check": true,
            "subnet_id": "subnet-27a04241",
            "tags": null,
            "tenancy": "default",
            "timeouts": null,
            "user_data": null,
            "user_data_base64": null,
            "volume_tags": {},
            "vpc_security_group_ids": [
              "sg-02fbfa7f"
            ]
          },
          "private": "eyJlMmJmYjczMC1lY2FhLTExZTYtOGY4OC0zNDM2M2JjN2M0YzAiOnsiY3JlYXRlIjo2MDAwMDAwMDAwMDAsImRlbGV0ZSI6MTIwMDAwMDAwMDAwMCwidXBkYXRlIjo2MDAwMDAwMDAwMDB9LCJzY2hlbWFfdmVyc2lvbiI6IjEifQ==",
          "depends_on": [
            "aws_key_pair.mykey"
          ]
        }
      ]
    },
    {
      "mode": "managed",
      "type": "aws_key_pair",
      "name": "mykey",
      "provider": "provider.aws",
      "instances": [
        {
          "schema_version": 1,
          "attributes": {
            "fingerprint": "fd:02:be:43:f4:6c:7a:9a:50:00:21:4f:b9:74:fb:c5",
            "id": "mykey",
            "key_name": "mykey",
            "key_name_prefix": null,
            "public_key": "ssh-rsa AAAAB3NzaC1yc2EAAAADAQABAAABAQDBVs36GBtTmntcqqRcztJyPoJb9iM5gqKIL1o1xuhnVCUfEbVTxpk9p6x+haiAHst7BTYWetY0U879FGxj2Oq75oRJqzc8tHg9edpbl9oVOetnazyvdXIL1w8V35HdxokJFSBNI18+EheMRtjwgbLElvKASohNXjTGe4UrjpLQ7Tt54i+aXb87rSVhWkR1tefleaeZPdwCwK4uoFXEIMzb/cJS6WTpmlltFQ6lPwECFFiczTkvd9GqrUkYcho4igrcRVSOrW8MZVw0xbPy/RnV/RsqRYVh9BnvoB1xVuoQlIaeTw6ALm2xWQdEEIzwTmxMf938zKIKKEa8tQpPSaYX jeremy.zhang@ITSG000217-MAC"
          },
          "private": "eyJzY2hlbWFfdmVyc2lvbiI6IjEifQ=="
        }
      ]
    }
  ]
}
